// !$*UTF8*$!
{
	archiveVersion = 1;
	classes = {
	};
	objectVersion = 55;
	objects = {

/* Begin PBXBuildFile section */
		3A33AF5D28B792C600C8EBFD /* AppDelegate.swift in Sources */ = {isa = PBXBuildFile; fileRef = 3A33AF5C28B792C600C8EBFD /* AppDelegate.swift */; };
		3A33AF5F28B792C600C8EBFD /* SceneDelegate.swift in Sources */ = {isa = PBXBuildFile; fileRef = 3A33AF5E28B792C600C8EBFD /* SceneDelegate.swift */; };
		3A33AF6128B792C600C8EBFD /* ViewController.swift in Sources */ = {isa = PBXBuildFile; fileRef = 3A33AF6028B792C600C8EBFD /* ViewController.swift */; };
		3A33AF6428B792C600C8EBFD /* Main.storyboard in Resources */ = {isa = PBXBuildFile; fileRef = 3A33AF6228B792C600C8EBFD /* Main.storyboard */; };
		3A33AF6728B792C600C8EBFD /* SGAA_APP.xcdatamodeld in Sources */ = {isa = PBXBuildFile; fileRef = 3A33AF6528B792C600C8EBFD /* SGAA_APP.xcdatamodeld */; };
		3A33AF6928B792C600C8EBFD /* Assets.xcassets in Resources */ = {isa = PBXBuildFile; fileRef = 3A33AF6828B792C600C8EBFD /* Assets.xcassets */; };
		3A33AF6C28B792C600C8EBFD /* LaunchScreen.storyboard in Resources */ = {isa = PBXBuildFile; fileRef = 3A33AF6A28B792C600C8EBFD /* LaunchScreen.storyboard */; };
/* End PBXBuildFile section */

/* Begin PBXFileReference section */
		3A33AF5928B792C600C8EBFD /* SGAA APP.app */ = {isa = PBXFileReference; explicitFileType = wrapper.application; includeInIndex = 0; path = "SGAA APP.app"; sourceTree = BUILT_PRODUCTS_DIR; };
		3A33AF5C28B792C600C8EBFD /* AppDelegate.swift */ = {isa = PBXFileReference; lastKnownFileType = sourcecode.swift; path = AppDelegate.swift; sourceTree = "<group>"; };
		3A33AF5E28B792C600C8EBFD /* SceneDelegate.swift */ = {isa = PBXFileReference; lastKnownFileType = sourcecode.swift; path = SceneDelegate.swift; sourceTree = "<group>"; };
		3A33AF6028B792C600C8EBFD /* ViewController.swift */ = {isa = PBXFileReference; lastKnownFileType = sourcecode.swift; path = ViewController.swift; sourceTree = "<group>"; };
		3A33AF6328B792C600C8EBFD /* Base */ = {isa = PBXFileReference; lastKnownFileType = file.storyboard; name = Base; path = Base.lproj/Main.storyboard; sourceTree = "<group>"; };
		3A33AF6628B792C600C8EBFD /* SGAA_APP.xcdatamodel */ = {isa = PBXFileReference; lastKnownFileType = wrapper.xcdatamodel; path = SGAA_APP.xcdatamodel; sourceTree = "<group>"; };
		3A33AF6828B792C600C8EBFD /* Assets.xcassets */ = {isa = PBXFileReference; lastKnownFileType = folder.assetcatalog; path = Assets.xcassets; sourceTree = "<group>"; };
		3A33AF6B28B792C600C8EBFD /* Base */ = {isa = PBXFileReference; lastKnownFileType = file.storyboard; name = Base; path = Base.lproj/LaunchScreen.storyboard; sourceTree = "<group>"; };
		3A33AF6D28B792C600C8EBFD /* Info.plist */ = {isa = PBXFileReference; lastKnownFileType = text.plist.xml; path = Info.plist; sourceTree = "<group>"; };
/* End PBXFileReference section */

/* Begin PBXFrameworksBuildPhase section */
		3A33AF5628B792C600C8EBFD /* Frameworks */ = {
			isa = PBXFrameworksBuildPhase;
			buildActionMask = 2147483647;
			files = (
			);
			runOnlyForDeploymentPostprocessing = 0;
		};
/* End PBXFrameworksBuildPhase section */

/* Begin PBXGroup section */
		3A33AF5028B792C600C8EBFD = {
			isa = PBXGroup;
			children = (
				3A33AF5B28B792C600C8EBFD /* SGAA APP */,
				3A33AF5A28B792C600C8EBFD /* Products */,
			);
			sourceTree = "<group>";
		};
		3A33AF5A28B792C600C8EBFD /* Products */ = {
			isa = PBXGroup;
			children = (
				3A33AF5928B792C600C8EBFD /* SGAA APP.app */,
			);
			name = Products;
			sourceTree = "<group>";
		};
		3A33AF5B28B792C600C8EBFD /* SGAA APP */ = {
			isa = PBXGroup;
			children = (
				3A33AF5C28B792C600C8EBFD /* AppDelegate.swift */,
				3A33AF5E28B792C600C8EBFD /* SceneDelegate.swift */,
				3A33AF6028B792C600C8EBFD /* ViewController.swift */,
				3A33AF6228B792C600C8EBFD /* Main.storyboard */,
				3A33AF6828B792C600C8EBFD /* Assets.xcassets */,
				3A33AF6A28B792C600C8EBFD /* LaunchScreen.storyboard */,
				3A33AF6D28B792C600C8EBFD /* Info.plist */,
				3A33AF6528B792C600C8EBFD /* SGAA_APP.xcdatamodeld */,
			);
			path = "SGAA APP";
			sourceTree = "<group>";
		};
/* End PBXGroup section */

/* Begin PBXNativeTarget section */
		3A33AF5828B792C600C8EBFD /* SGAA APP */ = {
			isa = PBXNativeTarget;
			buildConfigurationList = 3A33AF7028B792C600C8EBFD /* Build configuration list for PBXNativeTarget "SGAA APP" */;
			buildPhases = (
				3A33AF5528B792C600C8EBFD /* Sources */,
				3A33AF5628B792C600C8EBFD /* Frameworks */,
				3A33AF5728B792C600C8EBFD /* Resources */,
			);
			buildRules = (
			);
			dependencies = (
			);
			name = "SGAA APP";
			productName = "SGAA APP";
			productReference = 3A33AF5928B792C600C8EBFD /* SGAA APP.app */;
			productType = "com.apple.product-type.application";
		};
/* End PBXNativeTarget section */

/* Begin PBXProject section */
		3A33AF5128B792C600C8EBFD /* Project object */ = {
			isa = PBXProject;
			attributes = {
				BuildIndependentTargetsInParallel = 1;
				LastSwiftUpdateCheck = 1340;
				LastUpgradeCheck = 1340;
				TargetAttributes = {
					3A33AF5828B792C600C8EBFD = {
						CreatedOnToolsVersion = 13.4.1;
					};
				};
			};
			buildConfigurationList = 3A33AF5428B792C600C8EBFD /* Build configuration list for PBXProject "SGAA APP" */;
			compatibilityVersion = "Xcode 13.0";
			developmentRegion = en;
			hasScannedForEncodings = 0;
			knownRegions = (
				en,
				Base,
			);
			mainGroup = 3A33AF5028B792C600C8EBFD;
			productRefGroup = 3A33AF5A28B792C600C8EBFD /* Products */;
			projectDirPath = "";
			projectRoot = "";
			targets = (
				3A33AF5828B792C600C8EBFD /* SGAA APP */,
			);
		};
/* End PBXProject section */

/* Begin PBXResourcesBuildPhase section */
		3A33AF5728B792C600C8EBFD /* Resources */ = {
			isa = PBXResourcesBuildPhase;
			buildActionMask = 2147483647;
			files = (
				3A33AF6C28B792C600C8EBFD /* LaunchScreen.storyboard in Resources */,
				3A33AF6928B792C600C8EBFD /* Assets.xcassets in Resources */,
				3A33AF6428B792C600C8EBFD /* Main.storyboard in Resources */,
			);
			runOnlyForDeploymentPostprocessing = 0;
		};
/* End PBXResourcesBuildPhase section */

/* Begin PBXSourcesBuildPhase section */
		3A33AF5528B792C600C8EBFD /* Sources */ = {
			isa = PBXSourcesBuildPhase;
			buildActionMask = 2147483647;
			files = (
				3A33AF6128B792C600C8EBFD /* ViewController.swift in Sources */,
				3A33AF6728B792C600C8EBFD /* SGAA_APP.xcdatamodeld in Sources */,
				3A33AF5D28B792C600C8EBFD /* AppDelegate.swift in Sources */,
				3A33AF5F28B792C600C8EBFD /* SceneDelegate.swift in Sources */,
			);
			runOnlyForDeploymentPostprocessing = 0;
		};
/* End PBXSourcesBuildPhase section */

/* Begin PBXVariantGroup section */
		3A33AF6228B792C600C8EBFD /* Main.storyboard */ = {
			isa = PBXVariantGroup;
			children = (
				3A33AF6328B792C600C8EBFD /* Base */,
			);
			name = Main.storyboard;
			sourceTree = "<group>";
		};
		3A33AF6A28B792C600C8EBFD /* LaunchScreen.storyboard */ = {
			isa = PBXVariantGroup;
			children = (
				3A33AF6B28B792C600C8EBFD /* Base */,
			);
			name = LaunchScreen.storyboard;
			sourceTree = "<group>";
		};
/* End PBXVariantGroup section */

/* Begin XCBuildConfiguration section */
		3A33AF6E28B792C600C8EBFD /* Debug */ = {
			isa = XCBuildConfiguration;
			buildSettings = {
				ALWAYS_SEARCH_USER_PATHS = NO;
				CLANG_ANALYZER_NONNULL = YES;
				CLANG_ANALYZER_NUMBER_OBJECT_CONVERSION = YES_AGGRESSIVE;
				CLANG_CXX_LANGUAGE_STANDARD = "gnu++17";
				CLANG_ENABLE_MODULES = YES;
				CLANG_ENABLE_OBJC_ARC = YES;
				CLANG_ENABLE_OBJC_WEAK = YES;
				CLANG_WARN_BLOCK_CAPTURE_AUTORELEASING = YES;
				CLANG_WARN_BOOL_CONVERSION = YES;
				CLANG_WARN_COMMA = YES;
				CLANG_WARN_CONSTANT_CONVERSION = YES;
				CLANG_WARN_DEPRECATED_OBJC_IMPLEMENTATIONS = YES;
				CLANG_WARN_DIRECT_OBJC_ISA_USAGE = YES_ERROR;
				CLANG_WARN_DOCUMENTATION_COMMENTS = YES;
				CLANG_WARN_EMPTY_BODY = YES;
				CLANG_WARN_ENUM_CONVERSION = YES;
				CLANG_WARN_INFINITE_RECURSION = YES;
				CLANG_WARN_INT_CONVERSION = YES;
				CLANG_WARN_NON_LITERAL_NULL_CONVERSION = YES;
				CLANG_WARN_OBJC_IMPLICIT_RETAIN_SELF = YES;
				CLANG_WARN_OBJC_LITERAL_CONVERSION = YES;
				CLANG_WARN_OBJC_ROOT_CLASS = YES_ERROR;
				CLANG_WARN_QUOTED_INCLUDE_IN_FRAMEWORK_HEADER = YES;
				CLANG_WARN_RANGE_LOOP_ANALYSIS = YES;
				CLANG_WARN_STRICT_PROTOTYPES = YES;
				CLANG_WARN_SUSPICIOUS_MOVE = YES;
				CLANG_WARN_UNGUARDED_AVAILABILITY = YES_AGGRESSIVE;
				CLANG_WARN_UNREACHABLE_CODE = YES;
				CLANG_WARN__DUPLICATE_METHOD_MATCH = YES;
				COPY_PHASE_STRIP = NO;
				DEBUG_INFORMATION_FORMAT = dwarf;
				ENABLE_STRICT_OBJC_MSGSEND = YES;
				ENABLE_TESTABILITY = YES;
				GCC_C_LANGUAGE_STANDARD = gnu11;
				GCC_DYNAMIC_NO_PIC = NO;
				GCC_NO_COMMON_BLOCKS = YES;
				GCC_OPTIMIZATION_LEVEL = 0;
				GCC_PREPROCESSOR_DEFINITIONS = (
					"DEBUG=1",
					"$(inherited)",
				);
				GCC_WARN_64_TO_32_BIT_CONVERSION = YES;
				GCC_WARN_ABOUT_RETURN_TYPE = YES_ERROR;
				GCC_WARN_UNDECLARED_SELECTOR = YES;
				GCC_WARN_UNINITIALIZED_AUTOS = YES_AGGRESSIVE;
				GCC_WARN_UNUSED_FUNCTION = YES;
				GCC_WARN_UNUSED_VARIABLE = YES;
				IPHONEOS_DEPLOYMENT_TARGET = 15.5;
				MTL_ENABLE_DEBUG_INFO = INCLUDE_SOURCE;
				MTL_FAST_MATH = YES;
				ONLY_ACTIVE_ARCH = YES;
				SDKROOT = iphoneos;
				SWIFT_ACTIVE_COMPILATION_CONDITIONS = DEBUG;
				SWIFT_OPTIMIZATION_LEVEL = "-Onone";
			};
			name = Debug;
		};
		3A33AF6F28B792C600C8EBFD /* Release */ = {
			isa = XCBuildConfiguration;
			buildSettings = {
				ALWAYS_SEARCH_USER_PATHS = NO;
				CLANG_ANALYZER_NONNULL = YES;
				CLANG_ANALYZER_NUMBER_OBJECT_CONVERSION = YES_AGGRESSIVE;
				CLANG_CXX_LANGUAGE_STANDARD = "gnu++17";
				CLANG_ENABLE_MODULES = YES;
				CLANG_ENABLE_OBJC_ARC = YES;
				CLANG_ENABLE_OBJC_WEAK = YES;
				CLANG_WARN_BLOCK_CAPTURE_AUTORELEASING = YES;
				CLANG_WARN_BOOL_CONVERSION = YES;
				CLANG_WARN_COMMA = YES;
				CLANG_WARN_CONSTANT_CONVERSION = YES;
				CLANG_WARN_DEPRECATED_OBJC_IMPLEMENTATIONS = YES;
				CLANG_WARN_DIRECT_OBJC_ISA_USAGE = YES_ERROR;
				CLANG_WARN_DOCUMENTATION_COMMENTS = YES;
				CLANG_WARN_EMPTY_BODY = YES;
				CLANG_WARN_ENUM_CONVERSION = YES;
				CLANG_WARN_INFINITE_RECURSION = YES;
				CLANG_WARN_INT_CONVERSION = YES;
				CLANG_WARN_NON_LITERAL_NULL_CONVERSION = YES;
				CLANG_WARN_OBJC_IMPLICIT_RETAIN_SELF = YES;
				CLANG_WARN_OBJC_LITERAL_CONVERSION = YES;
				CLANG_WARN_OBJC_ROOT_CLASS = YES_ERROR;
				CLANG_WARN_QUOTED_INCLUDE_IN_FRAMEWORK_HEADER = YES;
				CLANG_WARN_RANGE_LOOP_ANALYSIS = YES;
				CLANG_WARN_STRICT_PROTOTYPES = YES;
				CLANG_WARN_SUSPICIOUS_MOVE = YES;
				CLANG_WARN_UNGUARDED_AVAILABILITY = YES_AGGRESSIVE;
				CLANG_WARN_UNREACHABLE_CODE = YES;
				CLANG_WARN__DUPLICATE_METHOD_MATCH = YES;
				COPY_PHASE_STRIP = NO;
				DEBUG_INFORMATION_FORMAT = "dwarf-with-dsym";
				ENABLE_NS_ASSERTIONS = NO;
				ENABLE_STRICT_OBJC_MSGSEND = YES;
				GCC_C_LANGUAGE_STANDARD = gnu11;
				GCC_NO_COMMON_BLOCKS = YES;
				GCC_WARN_64_TO_32_BIT_CONVERSION = YES;
				GCC_WARN_ABOUT_RETURN_TYPE = YES_ERROR;
				GCC_WARN_UNDECLARED_SELECTOR = YES;
				GCC_WARN_UNINITIALIZED_AUTOS = YES_AGGRESSIVE;
				GCC_WARN_UNUSED_FUNCTION = YES;
				GCC_WARN_UNUSED_VARIABLE = YES;
				IPHONEOS_DEPLOYMENT_TARGET = 15.5;
				MTL_ENABLE_DEBUG_INFO = NO;
				MTL_FAST_MATH = YES;
				SDKROOT = iphoneos;
				SWIFT_COMPILATION_MODE = wholemodule;
				SWIFT_OPTIMIZATION_LEVEL = "-O";
				VALIDATE_PRODUCT = YES;
			};
			name = Release;
		};
		3A33AF7128B792C600C8EBFD /* Debug */ = {
			isa = XCBuildConfiguration;
			buildSettings = {
				ASSETCATALOG_COMPILER_APPICON_NAME = AppIcon;
				ASSETCATALOG_COMPILER_GLOBAL_ACCENT_COLOR_NAME = AccentColor;
				CODE_SIGN_STYLE = Automatic;
				CURRENT_PROJECT_VERSION = 1;
				DEVELOPMENT_TEAM = 4YB9W8UT54;
				GENERATE_INFOPLIST_FILE = YES;
				INFOPLIST_FILE = "SGAA APP/Info.plist";
				INFOPLIST_KEY_UIApplicationSupportsIndirectInputEvents = YES;
				INFOPLIST_KEY_UILaunchStoryboardName = LaunchScreen;
				INFOPLIST_KEY_UIMainStoryboardFile = Main;
				INFOPLIST_KEY_UISupportedInterfaceOrientations_iPad = "UIInterfaceOrientationPortrait UIInterfaceOrientationPortraitUpsideDown UIInterfaceOrientationLandscapeLeft UIInterfaceOrientationLandscapeRight";
				INFOPLIST_KEY_UISupportedInterfaceOrientations_iPhone = "UIInterfaceOrientationPortrait UIInterfaceOrientationLandscapeLeft UIInterfaceOrientationLandscapeRight";
				LD_RUNPATH_SEARCH_PATHS = (
					"$(inherited)",
					"@executable_path/Frameworks",
				);
				MARKETING_VERSION = 1.0;
				PRODUCT_BUNDLE_IDENTIFIER = "MinaZakaria.SGAA-APP";
				PRODUCT_NAME = "$(TARGET_NAME)";
				SWIFT_EMIT_LOC_STRINGS = YES;
				SWIFT_VERSION = 5.0;
				TARGETED_DEVICE_FAMILY = "1,2";
			};
			name = Debug;
		};
		3A33AF7228B792C600C8EBFD /* Release */ = {
			isa = XCBuildConfiguration;
			buildSettings = {
				ASSETCATALOG_COMPILER_APPICON_NAME = AppIcon;
				ASSETCATALOG_COMPILER_GLOBAL_ACCENT_COLOR_NAME = AccentColor;
				CODE_SIGN_STYLE = Automatic;
				CURRENT_PROJECT_VERSION = 1;
				DEVELOPMENT_TEAM = 4YB9W8UT54;
				GENERATE_INFOPLIST_FILE = YES;
				INFOPLIST_FILE = "SGAA APP/Info.plist";
				INFOPLIST_KEY_UIApplicationSupportsIndirectInputEvents = YES;
				INFOPLIST_KEY_UILaunchStoryboardName = LaunchScreen;
				INFOPLIST_KEY_UIMainStoryboardFile = Main;
				INFOPLIST_KEY_UISupportedInterfaceOrientations_iPad = "UIInterfaceOrientationPortrait UIInterfaceOrientationPortraitUpsideDown UIInterfaceOrientationLandscapeLeft UIInterfaceOrientationLandscapeRight";
				INFOPLIST_KEY_UISupportedInterfaceOrientations_iPhone = "UIInterfaceOrientationPortrait UIInterfaceOrientationLandscapeLeft UIInterfaceOrientationLandscapeRight";
				LD_RUNPATH_SEARCH_PATHS = (
					"$(inherited)",
					"@executable_path/Frameworks",
				);
				MARKETING_VERSION = 1.0;
				PRODUCT_BUNDLE_IDENTIFIER = "MinaZakaria.SGAA-APP";
				PRODUCT_NAME = "$(TARGET_NAME)";
				SWIFT_EMIT_LOC_STRINGS = YES;
				SWIFT_VERSION = 5.0;
				TARGETED_DEVICE_FAMILY = "1,2";
			};
			name = Release;
		};
/* End XCBuildConfiguration section */

/* Begin XCConfigurationList section */
		3A33AF5428B792C600C8EBFD /* Build configuration list for PBXProject "SGAA APP" */ = {
			isa = XCConfigurationList;
			buildConfigurations = (
				3A33AF6E28B792C600C8EBFD /* Debug */,
				3A33AF6F28B792C600C8EBFD /* Release */,
			);
			defaultConfigurationIsVisible = 0;
			defaultConfigurationName = Release;
		};
		3A33AF7028B792C600C8EBFD /* Build configuration list for PBXNativeTarget "SGAA APP" */ = {
			isa = XCConfigurationList;
			buildConfigurations = (
				3A33AF7128B792C600C8EBFD /* Debug */,
				3A33AF7228B792C600C8EBFD /* Release */,
			);
			defaultConfigurationIsVisible = 0;
			defaultConfigurationName = Release;
		};
/* End XCConfigurationList section */

/* Begin XCVersionGroup section */
		3A33AF6528B792C600C8EBFD /* SGAA_APP.xcdatamodeld */ = {
			isa = XCVersionGroup;
			children = (
				3A33AF6628B792C600C8EBFD /* SGAA_APP.xcdatamodel */,
			);
			currentVersion = 3A33AF6628B792C600C8EBFD /* SGAA_APP.xcdatamodel */;
			path = SGAA_APP.xcdatamodeld;
			sourceTree = "<group>";
			versionGroupType = wrapper.xcdatamodel;
		};
/* End XCVersionGroup section */
	};
	rootObject = 3A33AF5128B792C600C8EBFD /* Project object */;
}
